
Microsoft Visual Studio Solution File, Format Version 12.00
# Visual Studio 15
VisualStudioVersion = 15.0.28010.2003
MinimumVisualStudioVersion = 10.0.40219.1
Project("{FAE04EC0-301F-11D3-BF4B-00C04F79EFBC}") = "2DExercise", "2DExercise\2DExercise.csproj", "{6D6F3770-9933-4A54-8C88-67B7308BE371}"
EndProject
Global
	GlobalSection(SolutionConfigurationPlatforms) = preSolution
		Debug|x86 = Debug|x86
		Release|x86 = Release|x86
	EndGlobalSection
	GlobalSection(ProjectConfigurationPlatforms) = postSolution
		{6D6F3770-9933-4A54-8C88-67B7308BE371}.Debug|x86.ActiveCfg = Debug|x86
		{6D6F3770-9933-4A54-8C88-67B7308BE371}.Debug|x86.Build.0 = Debug|x86
		{6D6F3770-9933-4A54-8C88-67B7308BE371}.Release|x86.ActiveCfg = Release|x86
		{6D6F3770-9933-4A54-8C88-67B7308BE371}.Release|x86.Build.0 = Release|x86
	EndGlobalSection
	GlobalSection(SolutionProperties) = preSolution
		HideSolutionNode = FALSE
	EndGlobalSection
	GlobalSection(ExtensibilityGlobals) = postSolution
		SolutionGuid = {67FD8AD6-BE9C-416B-8BE5-48E2D1D1749F}
	EndGlobalSection
EndGlobal
